
Microsoft Visual Studio Solution File, Format Version 12.00
# Visual Studio Version 16
VisualStudioVersion = 16.0.29411.108
MinimumVisualStudioVersion = 10.0.40219.1
Project("{F184B08F-C81C-45F6-A57F-5ABD9991F28F}") = "puzzlegame", "puzzlegame\puzzlegame.vbproj", "{8BDDCF33-717F-4277-A0C9-E3E98D3E70EB}"
EndProject
Global
	GlobalSection(SolutionConfigurationPlatforms) = preSolution
		Debug|Any CPU = Debug|Any CPU
		Release|Any CPU = Release|Any CPU
	EndGlobalSection
	GlobalSection(ProjectConfigurationPlatforms) = postSolution
		{8BDDCF33-717F-4277-A0C9-E3E98D3E70EB}.Debug|Any CPU.ActiveCfg = Debug|Any CPU
		{8BDDCF33-717F-4277-A0C9-E3E98D3E70EB}.Debug|Any CPU.Build.0 = Debug|Any CPU
		{8BDDCF33-717F-4277-A0C9-E3E98D3E70EB}.Release|Any CPU.ActiveCfg = Release|Any CPU
		{8BDDCF33-717F-4277-A0C9-E3E98D3E70EB}.Release|Any CPU.Build.0 = Release|Any CPU
	EndGlobalSection
	GlobalSection(SolutionProperties) = preSolution
		HideSolutionNode = FALSE
	EndGlobalSection
	GlobalSection(ExtensibilityGlobals) = postSolution
		SolutionGuid = {BDB17F19-2DEF-4F75-BA27-0976895B8824}
	EndGlobalSection
EndGlobal
